{
  "name": "@cinchy-co/angular-sdk",
  "version": "3.0.0",
  "lockfileVersion": 1,
  "requires": true,
  "dependencies": {
    "angular-oauth2-oidc": {
      "version": "5.0.2",
      "resolved": "https://registry.npmjs.org/angular-oauth2-oidc/-/angular-oauth2-oidc-5.0.2.tgz",
      "integrity": "sha512-jtOv4IWEjSFfBHVE4seWGWT/ZfWJ95QJ1JaFhVVGJEF64ibGuPwV3ztwTOUl98QHi/Yg4PXXDAisb31JnIbxBw==",
      "requires": {
        "jsrsasign": "^8.0.12",
        "tslib": "^1.9.0"
      }
    },
    "iframe-resizer": {
      "version": "3.6.3",
      "resolved": "https://registry.npmjs.org/iframe-resizer/-/iframe-resizer-3.6.3.tgz",
      "integrity": "sha512-yp5DLJxZm7xTRfQVidWB+h36YPPJ8eaKOB0mGFXG5IB5aOHGftnlBroGd66nlHZ3E5UyyohNOrdH4z+dXuJCxw=="
    },
    "jsrsasign": {
      "version": "8.0.12",
      "resolved": "https://registry.npmjs.org/jsrsasign/-/jsrsasign-8.0.12.tgz",
      "integrity": "sha1-Iqu5ZW00owuVMENnIINeicLlwxY="
    },
    "rxjs-compat": {
      "version": "6.3.3",
      "resolved": "https://registry.npmjs.org/rxjs-compat/-/rxjs-compat-6.3.3.tgz",
      "integrity": "sha512-caGN7ixiabHpOofginKEquuHk7GgaCrC7UpUQ9ZqGp80tMc68msadOeP/2AKy2R4YJsT1+TX5GZCtxO82qWkyA=="
    },
    "tslib": {
      "version": "1.9.3",
      "resolved": "https://registry.npmjs.org/tslib/-/tslib-1.9.3.tgz",
      "integrity": "sha512-4krF8scpejhaOgqzBEcGM7yDIEfi0/8+8zDRZhNZZ2kjmHJ4hv3zCbQWxoJGz1iw5U0Jl0nma13xzHXcncMavQ=="
    }
  }
}
