{
  "name": "@cinchy-co/angular-sdk",
  "version": "5.1.3-rc.1",
  "lockfileVersion": 1,
  "requires": true,
  "dependencies": {
    "@types/jsrsasign": {
      "version": "10.5.8",
      "resolved": "https://registry.npmjs.org/@types/jsrsasign/-/jsrsasign-10.5.8.tgz",
      "integrity": "sha512-1oZ3TbarAhKtKUpyrCIqXpbx3ZAfoSulleJs6/UzzyYty0ut+kjRX7zHLAaHwVIuw8CBjIymwW4J2LK944HoHQ=="
    },
    "angular-oauth2-oidc": {
      "version": "12.1.0",
      "resolved": "https://registry.npmjs.org/angular-oauth2-oidc/-/angular-oauth2-oidc-12.1.0.tgz",
      "integrity": "sha512-YUsNTWx8lccgo4e3qHvqJ6DOR9nfPVd+riyXzcy5nI4CB9cc2+SxaxiqQMGPAaKI2EOIfdxNobmUqUSEO+IXxA==",
      "requires": {
        "fast-sha256": "^1.3.0",
        "tslib": "^2.0.0"
      }
    },
    "fast-sha256": {
      "version": "1.3.0",
      "resolved": "https://registry.npmjs.org/fast-sha256/-/fast-sha256-1.3.0.tgz",
      "integrity": "sha512-n11RGP/lrWEFI/bWdygLxhI+pVeo1ZYIVwvvPkW7azl/rOy+F3HYRZ2K5zeE9mmkhQppyv9sQFx0JM9UabnpPQ=="
    },
    "iframe-resizer": {
      "version": "4.3.2",
      "resolved": "https://registry.npmjs.org/iframe-resizer/-/iframe-resizer-4.3.2.tgz",
      "integrity": "sha512-gOWo2hmdPjMQsQ+zTKbses08mDfDEMh4NneGQNP4qwePYujY1lguqP6gnbeJkf154gojWlBhIltlgnMfYjGHWA=="
    },
    "jsrsasign": {
      "version": "10.8.6",
      "resolved": "https://registry.npmjs.org/jsrsasign/-/jsrsasign-10.8.6.tgz",
      "integrity": "sha512-bQmbVtsfbgaKBTWCKiDCPlUPbdlRIK/FzSwT3BzIgZl/cU6TqXu6pZJsCI/dJVrZ9Gir5GC4woqw9shH/v7MBw=="
    },
    "rxjs-compat": {
      "version": "6.6.7",
      "resolved": "https://registry.npmjs.org/rxjs-compat/-/rxjs-compat-6.6.7.tgz",
      "integrity": "sha512-szN4fK+TqBPOFBcBcsR0g2cmTTUF/vaFEOZNuSdfU8/pGFnNmmn2u8SystYXG1QMrjOPBc6XTKHMVfENDf6hHw=="
    },
    "tslib": {
      "version": "2.6.1",
      "resolved": "https://registry.npmjs.org/tslib/-/tslib-2.6.1.tgz",
      "integrity": "sha512-t0hLfiEKfMUoqhG+U1oid7Pva4bbDPHYfJNiB7BiIjRkj1pyC++4N3huJfqY6aRH6VTB0rvtzQwjM4K6qpfOig=="
    }
  }
}
